<?xml version="1.0" encoding="utf-8"?>
<Project ToolsVersion="4.0" xmlns="http://schemas.microsoft.com/developer/msbuild/2003">
  <ItemGroup>
    <Filter Include="Source Files">
      <UniqueIdentifier>{8c12ab0c-4eef-42ef-9998-bd56225be1bc}</UniqueIdentifier>
      <Extensions>cpp;c;cxx;rc;def;r;odl;idl;hpj;bat</Extensions>
    </Filter>
    <Filter Include="Header Files">
      <UniqueIdentifier>{999fa8e0-d309-441b-a788-abffd9c66b35}</UniqueIdentifier>
      <Extensions>h;hpp;hxx;hm;inl</Extensions>
    </Filter>
    <Filter Include="Resource Files">
      <UniqueIdentifier>{a74a0b98-edc7-4944-9e03-b7f95ebfb613}</UniqueIdentifier>
      <Extensions>ico;cur;bmp;dlg;rc2;rct;bin;rgs;gif;jpg;jpeg;jpe</Extensions>
    </Filter>
  </ItemGroup>
  <ItemGroup>
    <ClCompile Include="..\classic.c">
      <Filter>Source Files</Filter>
    </ClCompile>
    <ClCompile Include="..\dynamics.c">
      <Filter>Source Files</Filter>
    </ClCompile>
    <ClCompile Include="..\events.c">
      <Filter>Source Files</Filter>
    </ClCompile>
    <ClCompile Include="..\guitar_hero_3.c">
      <Filter>Source Files</Filter>
    </ClCompile>
    <ClCompile Include="..\io.c">
      <Filter>Source Files</Filter>
    </ClCompile>
    <ClCompile Include="..\io_nix.c">
      <Filter>Source Files</Filter>
    </ClCompile>
    <ClCompile Include="..\io_win.c">
      <Filter>Source Files</Filter>
    </ClCompile>
    <ClCompile Include="..\ir.c">
      <Filter>Source Files</Filter>
    </ClCompile>
    <ClCompile Include="..\nunchuk.c">
      <Filter>Source Files</Filter>
    </ClCompile>
    <ClCompile Include="..\wiiuse.c">
      <Filter>Source Files</Filter>
    </ClCompile>
    <ClCompile Include="..\speaker.c">
      <Filter>Source Files</Filter>
    </ClCompile>
  </ItemGroup>
  <ItemGroup>
    <ClInclude Include="..\classic.h">
      <Filter>Header Files</Filter>
    </ClInclude>
    <ClInclude Include="..\definitions.h">
      <Filter>Header Files</Filter>
    </ClInclude>
    <ClInclude Include="..\dynamics.h">
      <Filter>Header Files</Filter>
    </ClInclude>
    <ClInclude Include="..\events.h">
      <Filter>Header Files</Filter>
    </ClInclude>
    <ClInclude Include="..\guitar_hero_3.h">
      <Filter>Header Files</Filter>
    </ClInclude>
    <ClInclude Include="..\io.h">
      <Filter>Header Files</Filter>
    </ClInclude>
    <ClInclude Include="..\ir.h">
      <Filter>Header Files</Filter>
    </ClInclude>
    <ClInclude Include="..\nunchuk.h">
      <Filter>Header Files</Filter>
    </ClInclude>
    <ClInclude Include="..\os.h">
      <Filter>Header Files</Filter>
    </ClInclude>
    <ClInclude Include="..\wiiuse.h">
      <Filter>Header Files</Filter>
    </ClInclude>
    <ClInclude Include="..\wiiuse_internal.h">
      <Filter>Header Files</Filter>
    </ClInclude>
    <ClInclude Include="..\speaker.h">
      <Filter>Header Files</Filter>
    </ClInclude>
  </ItemGroup>
  <ItemGroup>
    <None Include="..\..\CHANGELOG">
      <Filter>Resource Files</Filter>
    </None>
  </ItemGroup>
</Project>